Microsoft Visual Studio Solution File, Format Version 12.00
# Visual Studio Version 17
VisualStudioVersion = 17.5.2.0
MinimumVisualStudioVersion = 10.0.40219.1
Project("{FAE04EC0-301F-11D3-BF4B-00C04F79EFBC}") = "TaskTrackerApi.Tests", "TaskTrackerApi.Tests\TaskTrackerApi.Tests.csproj", "{71CEFDDA-AE2C-9EB8-D5FA-2B9FC2901B7A}"
EndProject
Project("{FAE04EC0-301F-11D3-BF4B-00C04F79EFBC}") = "TaskTrackerApi", "TaskTrackerApi\TaskTrackerApi.csproj", "{7661C022-221A-6E50-E4AA-77E4BE66652F}"
EndProject
Global
	GlobalSection(SolutionConfigurationPlatforms) = preSolution
		Debug|Any CPU = Debug|Any CPU
		Release|Any CPU = Release|Any CPU
	EndGlobalSection
	GlobalSection(ProjectConfigurationPlatforms) = postSolution
		{71CEFDDA-AE2C-9EB8-D5FA-2B9FC2901B7A}.Debug|Any CPU.ActiveCfg = Debug|Any CPU
		{71CEFDDA-AE2C-9EB8-D5FA-2B9FC2901B7A}.Debug|Any CPU.Build.0 = Debug|Any CPU
		{71CEFDDA-AE2C-9EB8-D5FA-2B9FC2901B7A}.Release|Any CPU.ActiveCfg = Release|Any CPU
		{71CEFDDA-AE2C-9EB8-D5FA-2B9FC2901B7A}.Release|Any CPU.Build.0 = Release|Any CPU
		{7661C022-221A-6E50-E4AA-77E4BE66652F}.Debug|Any CPU.ActiveCfg = Debug|Any CPU
		{7661C022-221A-6E50-E4AA-77E4BE66652F}.Debug|Any CPU.Build.0 = Debug|Any CPU
		{7661C022-221A-6E50-E4AA-77E4BE66652F}.Release|Any CPU.ActiveCfg = Release|Any CPU
		{7661C022-221A-6E50-E4AA-77E4BE66652F}.Release|Any CPU.Build.0 = Release|Any CPU
	EndGlobalSection
	GlobalSection(SolutionProperties) = preSolution
		HideSolutionNode = FALSE
	EndGlobalSection
	GlobalSection(ExtensibilityGlobals) = postSolution
		SolutionGuid = {E9984E81-4173-4BD0-A4AC-E116CE2FDD26}
	EndGlobalSection
EndGlobal
